
Microsoft Visual Studio Solution File, Format Version 12.00
# Visual Studio 2013
VisualStudioVersion = 12.0.21005.1
MinimumVisualStudioVersion = 10.0.40219.1
Project("{8BC9CEB8-8B4A-11D0-8D11-00A0C91BC942}") = "ConvertInfixToPostfix", "ConvertInfixToPostfix\ConvertInfixToPostfix.vcxproj", "{4E0AABE4-F784-4AA0-89F6-943F2B2DDAF4}"
EndProject
Global
	GlobalSection(SolutionConfigurationPlatforms) = preSolution
		Debug|Win32 = Debug|Win32
		Release|Win32 = Release|Win32
	EndGlobalSection
	GlobalSection(ProjectConfigurationPlatforms) = postSolution
		{4E0AABE4-F784-4AA0-89F6-943F2B2DDAF4}.Debug|Win32.ActiveCfg = Debug|Win32
		{4E0AABE4-F784-4AA0-89F6-943F2B2DDAF4}.Debug|Win32.Build.0 = Debug|Win32
		{4E0AABE4-F784-4AA0-89F6-943F2B2DDAF4}.Release|Win32.ActiveCfg = Release|Win32
		{4E0AABE4-F784-4AA0-89F6-943F2B2DDAF4}.Release|Win32.Build.0 = Release|Win32
	EndGlobalSection
	GlobalSection(SolutionProperties) = preSolution
		HideSolutionNode = FALSE
	EndGlobalSection
EndGlobal
